
Microsoft Visual Studio Solution File, Format Version 12.00
# Visual Studio Version 17
VisualStudioVersion = 17.5.33424.131
MinimumVisualStudioVersion = 10.0.40219.1
Project("{9A19103F-16F7-4668-BE54-9A1E7A4F7556}") = "Arrays", "Arrays\Arrays.csproj", "{F0C9851A-28F9-4909-A447-EBB66744B351}"
EndProject
Project("{9A19103F-16F7-4668-BE54-9A1E7A4F7556}") = "ClasseArray_Metodos", "ClasseArray_Metodos\ClasseArray_Metodos.csproj", "{CF676AD7-3BD6-4A8D-8508-6B1870520F00}"
EndProject
Project("{2150E333-8FDC-42A3-9474-1A3956D46DE8}") = "Exercicios", "Exercicios", "{818853D7-ECC6-4741-A7C6-D7C7F648A11F}"
EndProject
Project("{9A19103F-16F7-4668-BE54-9A1E7A4F7556}") = "Exercicio1", "Exercicio1\Exercicio1.csproj", "{644322C1-1011-4028-803E-30241C1CCDC9}"
EndProject
Project("{9A19103F-16F7-4668-BE54-9A1E7A4F7556}") = "Modificador_Params", "Modificador_Params\Modificador_Params.csproj", "{93DA1D09-9B33-4BB4-97F2-2AA5D5AAD932}"
EndProject
Project("{9A19103F-16F7-4668-BE54-9A1E7A4F7556}") = "ArraysBidimensionais", "ArraysBidimensionais\ArraysBidimensionais.csproj", "{CF6946CC-F84F-443E-8829-690FFEE36404}"
EndProject
Project("{9A19103F-16F7-4668-BE54-9A1E7A4F7556}") = "Exercicio2", "Exercicio2\Exercicio2.csproj", "{54B01452-4F53-4E2A-A2BC-C32324A09FAC}"
EndProject
Project("{9A19103F-16F7-4668-BE54-9A1E7A4F7556}") = "ArrayList", "ArrayList\ArrayList.csproj", "{7E816A34-854F-4EF8-8D21-BA40D643A9A4}"
EndProject
Project("{9A19103F-16F7-4668-BE54-9A1E7A4F7556}") = "ArrayList_II", "ArrayList_II\ArrayList_II.csproj", "{062B015D-67A8-4E95-881F-E5BAE07D09BF}"
EndProject
Project("{9A19103F-16F7-4668-BE54-9A1E7A4F7556}") = "List", "List\List.csproj", "{F2189E07-D772-40C2-9490-BBDC73A96FEC}"
EndProject
Project("{9A19103F-16F7-4668-BE54-9A1E7A4F7556}") = "List_II", "List_II\List_II.csproj", "{D1DB8D43-829B-4824-9819-2224C44A04EB}"
EndProject
Project("{9A19103F-16F7-4668-BE54-9A1E7A4F7556}") = "List_III", "List_III\List_III.csproj", "{105A5A76-3DC6-4D79-86AF-03DAB9E491D0}"
EndProject
Project("{9A19103F-16F7-4668-BE54-9A1E7A4F7556}") = "Exercicio3", "Exercicio3\Exercicio3.csproj", "{57191A39-C41E-4E4B-B280-7A07B6DC13EB}"
EndProject
Project("{FAE04EC0-301F-11D3-BF4B-00C04F79EFBC}") = "Indexadores", "Indexadores\Indexadores.csproj", "{0B19B3A6-E453-4084-913A-4C6075A98F62}"
EndProject
Project("{FAE04EC0-301F-11D3-BF4B-00C04F79EFBC}") = "NumerosAleatorios", "NumerosAleatorios\NumerosAleatorios.csproj", "{066AE013-8346-49A8-9747-84EE668CF8A8}"
EndProject
Global
	GlobalSection(SolutionConfigurationPlatforms) = preSolution
		Debug|Any CPU = Debug|Any CPU
		Release|Any CPU = Release|Any CPU
	EndGlobalSection
	GlobalSection(ProjectConfigurationPlatforms) = postSolution
		{F0C9851A-28F9-4909-A447-EBB66744B351}.Debug|Any CPU.ActiveCfg = Debug|Any CPU
		{F0C9851A-28F9-4909-A447-EBB66744B351}.Debug|Any CPU.Build.0 = Debug|Any CPU
		{F0C9851A-28F9-4909-A447-EBB66744B351}.Release|Any CPU.ActiveCfg = Release|Any CPU
		{F0C9851A-28F9-4909-A447-EBB66744B351}.Release|Any CPU.Build.0 = Release|Any CPU
		{CF676AD7-3BD6-4A8D-8508-6B1870520F00}.Debug|Any CPU.ActiveCfg = Debug|Any CPU
		{CF676AD7-3BD6-4A8D-8508-6B1870520F00}.Debug|Any CPU.Build.0 = Debug|Any CPU
		{CF676AD7-3BD6-4A8D-8508-6B1870520F00}.Release|Any CPU.ActiveCfg = Release|Any CPU
		{CF676AD7-3BD6-4A8D-8508-6B1870520F00}.Release|Any CPU.Build.0 = Release|Any CPU
		{644322C1-1011-4028-803E-30241C1CCDC9}.Debug|Any CPU.ActiveCfg = Debug|Any CPU
		{644322C1-1011-4028-803E-30241C1CCDC9}.Debug|Any CPU.Build.0 = Debug|Any CPU
		{644322C1-1011-4028-803E-30241C1CCDC9}.Release|Any CPU.ActiveCfg = Release|Any CPU
		{644322C1-1011-4028-803E-30241C1CCDC9}.Release|Any CPU.Build.0 = Release|Any CPU
		{93DA1D09-9B33-4BB4-97F2-2AA5D5AAD932}.Debug|Any CPU.ActiveCfg = Debug|Any CPU
		{93DA1D09-9B33-4BB4-97F2-2AA5D5AAD932}.Debug|Any CPU.Build.0 = Debug|Any CPU
		{93DA1D09-9B33-4BB4-97F2-2AA5D5AAD932}.Release|Any CPU.ActiveCfg = Release|Any CPU
		{93DA1D09-9B33-4BB4-97F2-2AA5D5AAD932}.Release|Any CPU.Build.0 = Release|Any CPU
		{CF6946CC-F84F-443E-8829-690FFEE36404}.Debug|Any CPU.ActiveCfg = Debug|Any CPU
		{CF6946CC-F84F-443E-8829-690FFEE36404}.Debug|Any CPU.Build.0 = Debug|Any CPU
		{CF6946CC-F84F-443E-8829-690FFEE36404}.Release|Any CPU.ActiveCfg = Release|Any CPU
		{CF6946CC-F84F-443E-8829-690FFEE36404}.Release|Any CPU.Build.0 = Release|Any CPU
		{54B01452-4F53-4E2A-A2BC-C32324A09FAC}.Debug|Any CPU.ActiveCfg = Debug|Any CPU
		{54B01452-4F53-4E2A-A2BC-C32324A09FAC}.Debug|Any CPU.Build.0 = Debug|Any CPU
		{54B01452-4F53-4E2A-A2BC-C32324A09FAC}.Release|Any CPU.ActiveCfg = Release|Any CPU
		{54B01452-4F53-4E2A-A2BC-C32324A09FAC}.Release|Any CPU.Build.0 = Release|Any CPU
		{7E816A34-854F-4EF8-8D21-BA40D643A9A4}.Debug|Any CPU.ActiveCfg = Debug|Any CPU
		{7E816A34-854F-4EF8-8D21-BA40D643A9A4}.Debug|Any CPU.Build.0 = Debug|Any CPU
		{7E816A34-854F-4EF8-8D21-BA40D643A9A4}.Release|Any CPU.ActiveCfg = Release|Any CPU
		{7E816A34-854F-4EF8-8D21-BA40D643A9A4}.Release|Any CPU.Build.0 = Release|Any CPU
		{062B015D-67A8-4E95-881F-E5BAE07D09BF}.Debug|Any CPU.ActiveCfg = Debug|Any CPU
		{062B015D-67A8-4E95-881F-E5BAE07D09BF}.Debug|Any CPU.Build.0 = Debug|Any CPU
		{062B015D-67A8-4E95-881F-E5BAE07D09BF}.Release|Any CPU.ActiveCfg = Release|Any CPU
		{062B015D-67A8-4E95-881F-E5BAE07D09BF}.Release|Any CPU.Build.0 = Release|Any CPU
		{F2189E07-D772-40C2-9490-BBDC73A96FEC}.Debug|Any CPU.ActiveCfg = Debug|Any CPU
		{F2189E07-D772-40C2-9490-BBDC73A96FEC}.Debug|Any CPU.Build.0 = Debug|Any CPU
		{F2189E07-D772-40C2-9490-BBDC73A96FEC}.Release|Any CPU.ActiveCfg = Release|Any CPU
		{F2189E07-D772-40C2-9490-BBDC73A96FEC}.Release|Any CPU.Build.0 = Release|Any CPU
		{D1DB8D43-829B-4824-9819-2224C44A04EB}.Debug|Any CPU.ActiveCfg = Debug|Any CPU
		{D1DB8D43-829B-4824-9819-2224C44A04EB}.Debug|Any CPU.Build.0 = Debug|Any CPU
		{D1DB8D43-829B-4824-9819-2224C44A04EB}.Release|Any CPU.ActiveCfg = Release|Any CPU
		{D1DB8D43-829B-4824-9819-2224C44A04EB}.Release|Any CPU.Build.0 = Release|Any CPU
		{105A5A76-3DC6-4D79-86AF-03DAB9E491D0}.Debug|Any CPU.ActiveCfg = Debug|Any CPU
		{105A5A76-3DC6-4D79-86AF-03DAB9E491D0}.Debug|Any CPU.Build.0 = Debug|Any CPU
		{105A5A76-3DC6-4D79-86AF-03DAB9E491D0}.Release|Any CPU.ActiveCfg = Release|Any CPU
		{105A5A76-3DC6-4D79-86AF-03DAB9E491D0}.Release|Any CPU.Build.0 = Release|Any CPU
		{57191A39-C41E-4E4B-B280-7A07B6DC13EB}.Debug|Any CPU.ActiveCfg = Debug|Any CPU
		{57191A39-C41E-4E4B-B280-7A07B6DC13EB}.Debug|Any CPU.Build.0 = Debug|Any CPU
		{57191A39-C41E-4E4B-B280-7A07B6DC13EB}.Release|Any CPU.ActiveCfg = Release|Any CPU
		{57191A39-C41E-4E4B-B280-7A07B6DC13EB}.Release|Any CPU.Build.0 = Release|Any CPU
		{0B19B3A6-E453-4084-913A-4C6075A98F62}.Debug|Any CPU.ActiveCfg = Debug|Any CPU
		{0B19B3A6-E453-4084-913A-4C6075A98F62}.Debug|Any CPU.Build.0 = Debug|Any CPU
		{0B19B3A6-E453-4084-913A-4C6075A98F62}.Release|Any CPU.ActiveCfg = Release|Any CPU
		{0B19B3A6-E453-4084-913A-4C6075A98F62}.Release|Any CPU.Build.0 = Release|Any CPU
		{066AE013-8346-49A8-9747-84EE668CF8A8}.Debug|Any CPU.ActiveCfg = Debug|Any CPU
		{066AE013-8346-49A8-9747-84EE668CF8A8}.Debug|Any CPU.Build.0 = Debug|Any CPU
		{066AE013-8346-49A8-9747-84EE668CF8A8}.Release|Any CPU.ActiveCfg = Release|Any CPU
		{066AE013-8346-49A8-9747-84EE668CF8A8}.Release|Any CPU.Build.0 = Release|Any CPU
	EndGlobalSection
	GlobalSection(SolutionProperties) = preSolution
		HideSolutionNode = FALSE
	EndGlobalSection
	GlobalSection(NestedProjects) = preSolution
		{644322C1-1011-4028-803E-30241C1CCDC9} = {818853D7-ECC6-4741-A7C6-D7C7F648A11F}
		{54B01452-4F53-4E2A-A2BC-C32324A09FAC} = {818853D7-ECC6-4741-A7C6-D7C7F648A11F}
		{57191A39-C41E-4E4B-B280-7A07B6DC13EB} = {818853D7-ECC6-4741-A7C6-D7C7F648A11F}
	EndGlobalSection
	GlobalSection(ExtensibilityGlobals) = postSolution
		SolutionGuid = {2080537D-2FDF-4A2F-83AE-5E309DD5D000}
	EndGlobalSection
EndGlobal
